
Microsoft Visual Studio Solution File, Format Version 12.00
# Visual Studio 15
VisualStudioVersion = 15.0.27428.2015
MinimumVisualStudioVersion = 10.0.40219.1
Project("{FAE04EC0-301F-11D3-BF4B-00C04F79EFBC}") = "MandelbrotAreaEstimator", "Parallel_tasks_test\MandelbrotAreaEstimator.csproj", "{D7E88088-3637-4316-BC5B-4B7D39EF8CC3}"
EndProject
Global
	GlobalSection(SolutionConfigurationPlatforms) = preSolution
		Debug|Any CPU = Debug|Any CPU
		Release|Any CPU = Release|Any CPU
	EndGlobalSection
	GlobalSection(ProjectConfigurationPlatforms) = postSolution
		{D7E88088-3637-4316-BC5B-4B7D39EF8CC3}.Debug|Any CPU.ActiveCfg = Debug|Any CPU
		{D7E88088-3637-4316-BC5B-4B7D39EF8CC3}.Debug|Any CPU.Build.0 = Debug|Any CPU
		{D7E88088-3637-4316-BC5B-4B7D39EF8CC3}.Release|Any CPU.ActiveCfg = Release|Any CPU
		{D7E88088-3637-4316-BC5B-4B7D39EF8CC3}.Release|Any CPU.Build.0 = Release|Any CPU
	EndGlobalSection
	GlobalSection(SolutionProperties) = preSolution
		HideSolutionNode = FALSE
	EndGlobalSection
	GlobalSection(ExtensibilityGlobals) = postSolution
		SolutionGuid = {BEF02601-D949-4C8B-8A60-C0D2E0DDCFE0}
	EndGlobalSection
EndGlobal
